// !$*UTF8*$!
{
	archiveVersion = 1;
	classes = {
	};
	objectVersion = 46;
	objects = {

/* Begin PBXBuildFile section */
		7706421318B8A04400125FC0 /* main.cpp in Sources */ = {isa = PBXBuildFile; fileRef = 7706421218B8A04400125FC0 /* main.cpp */; };
		7706423B18B8A84F00125FC0 /* FileUtil.cpp in Sources */ = {isa = PBXBuildFile; fileRef = 7706423918B8A84F00125FC0 /* FileUtil.cpp */; };
		7706423E18B8A96F00125FC0 /* Image.cpp in Sources */ = {isa = PBXBuildFile; fileRef = 7706423C18B8A96F00125FC0 /* Image.cpp */; };
		7706424118B8C62D00125FC0 /* ROI.cpp in Sources */ = {isa = PBXBuildFile; fileRef = 7706423F18B8C62D00125FC0 /* ROI.cpp */; };
		7706424518B8D8CF00125FC0 /* ThumbPreview.cpp in Sources */ = {isa = PBXBuildFile; fileRef = 7706424318B8D8CF00125FC0 /* ThumbPreview.cpp */; };
		7706424818B90BC600125FC0 /* ImageAllignment.cpp in Sources */ = {isa = PBXBuildFile; fileRef = 7706424618B90BC500125FC0 /* ImageAllignment.cpp */; };
		77979D1819095FB50043C70D /* App.cpp in Sources */ = {isa = PBXBuildFile; fileRef = 77979D1619095FB50043C70D /* App.cpp */; };
		779C46C218CC7D0600BCCB88 /* libopencv_calib3d.2.4.8.dylib in Frameworks */ = {isa = PBXBuildFile; fileRef = 779C468518CC7D0600BCCB88 /* libopencv_calib3d.2.4.8.dylib */; };
		779C46C418CC7D0600BCCB88 /* libopencv_contrib.2.4.8.dylib in Frameworks */ = {isa = PBXBuildFile; fileRef = 779C468718CC7D0600BCCB88 /* libopencv_contrib.2.4.8.dylib */; };
		779C46C718CC7D0600BCCB88 /* libopencv_core.2.4.8.dylib in Frameworks */ = {isa = PBXBuildFile; fileRef = 779C468A18CC7D0600BCCB88 /* libopencv_core.2.4.8.dylib */; };
		779C46CA18CC7D0600BCCB88 /* libopencv_features2d.2.4.8.dylib in Frameworks */ = {isa = PBXBuildFile; fileRef = 779C468D18CC7D0600BCCB88 /* libopencv_features2d.2.4.8.dylib */; };
		779C46CF18CC7D0600BCCB88 /* libopencv_flann.2.4.8.dylib in Frameworks */ = {isa = PBXBuildFile; fileRef = 779C469218CC7D0600BCCB88 /* libopencv_flann.2.4.8.dylib */; };
		779C46D018CC7D0600BCCB88 /* libopencv_gpu.2.4.8.dylib in Frameworks */ = {isa = PBXBuildFile; fileRef = 779C469318CC7D0600BCCB88 /* libopencv_gpu.2.4.8.dylib */; };
		779C46D318CC7D0600BCCB88 /* libopencv_highgui.2.4.8.dylib in Frameworks */ = {isa = PBXBuildFile; fileRef = 779C469618CC7D0600BCCB88 /* libopencv_highgui.2.4.8.dylib */; };
		779C46D818CC7D0600BCCB88 /* libopencv_imgproc.2.4.8.dylib in Frameworks */ = {isa = PBXBuildFile; fileRef = 779C469B18CC7D0600BCCB88 /* libopencv_imgproc.2.4.8.dylib */; };
		779C46DB18CC7D0600BCCB88 /* libopencv_legacy.2.4.8.dylib in Frameworks */ = {isa = PBXBuildFile; fileRef = 779C469E18CC7D0600BCCB88 /* libopencv_legacy.2.4.8.dylib */; };
		779C46DE18CC7D0600BCCB88 /* libopencv_ml.2.4.8.dylib in Frameworks */ = {isa = PBXBuildFile; fileRef = 779C46A118CC7D0600BCCB88 /* libopencv_ml.2.4.8.dylib */; };
		779C46E118CC7D0600BCCB88 /* libopencv_nonfree.2.4.8.dylib in Frameworks */ = {isa = PBXBuildFile; fileRef = 779C46A418CC7D0600BCCB88 /* libopencv_nonfree.2.4.8.dylib */; };
		779C46E218CC7D0600BCCB88 /* libopencv_objdetect.2.4.8.dylib in Frameworks */ = {isa = PBXBuildFile; fileRef = 779C46A518CC7D0600BCCB88 /* libopencv_objdetect.2.4.8.dylib */; };
		779C46E518CC7D0600BCCB88 /* libopencv_ocl.2.4.8.dylib in Frameworks */ = {isa = PBXBuildFile; fileRef = 779C46A818CC7D0600BCCB88 /* libopencv_ocl.2.4.8.dylib */; };
		779C46E818CC7D0600BCCB88 /* libopencv_photo.2.4.8.dylib in Frameworks */ = {isa = PBXBuildFile; fileRef = 779C46AB18CC7D0600BCCB88 /* libopencv_photo.2.4.8.dylib */; };
		779C46EB18CC7D0600BCCB88 /* libopencv_stitching.2.4.8.dylib in Frameworks */ = {isa = PBXBuildFile; fileRef = 779C46AE18CC7D0600BCCB88 /* libopencv_stitching.2.4.8.dylib */; };
		779C46F018CC7D0600BCCB88 /* libopencv_superres.2.4.8.dylib in Frameworks */ = {isa = PBXBuildFile; fileRef = 779C46B318CC7D0600BCCB88 /* libopencv_superres.2.4.8.dylib */; };
		779C46F118CC7D0600BCCB88 /* libopencv_ts.a in Frameworks */ = {isa = PBXBuildFile; fileRef = 779C46B418CC7D0600BCCB88 /* libopencv_ts.a */; };
		779C46F418CC7D0600BCCB88 /* libopencv_video.2.4.8.dylib in Frameworks */ = {isa = PBXBuildFile; fileRef = 779C46B718CC7D0600BCCB88 /* libopencv_video.2.4.8.dylib */; };
		779C46F718CC7D0600BCCB88 /* libopencv_videostab.2.4.8.dylib in Frameworks */ = {isa = PBXBuildFile; fileRef = 779C46BA18CC7D0600BCCB88 /* libopencv_videostab.2.4.8.dylib */; };
		779C46F818CC7D0600BCCB88 /* cv2.so in Frameworks */ = {isa = PBXBuildFile; fileRef = 779C46C018CC7D0600BCCB88 /* cv2.so */; };
		77CA19DF18EEA53D00C5F560 /* VideoCopmoser.cpp in Sources */ = {isa = PBXBuildFile; fileRef = 77CA19DD18EEA53D00C5F560 /* VideoCopmoser.cpp */; };
/* End PBXBuildFile section */

/* Begin PBXCopyFilesBuildPhase section */
		7706420318B89D4100125FC0 /* CopyFiles */ = {
			isa = PBXCopyFilesBuildPhase;
			buildActionMask = 2147483647;
			dstPath = /usr/share/man/man1/;
			dstSubfolderSpec = 0;
			files = (
			);
			runOnlyForDeploymentPostprocessing = 1;
		};
/* End PBXCopyFilesBuildPhase section */

/* Begin PBXFileReference section */
		7706420518B89D4100125FC0 /* Assignment 2: Photo Tour */ = {isa = PBXFileReference; explicitFileType = "compiled.mach-o.executable"; includeInIndex = 0; path = "Assignment 2: Photo Tour"; sourceTree = BUILT_PRODUCTS_DIR; };
		7706421118B8A04400125FC0 /* Assignment_2__Photo_Tour.1 */ = {isa = PBXFileReference; fileEncoding = 4; lastKnownFileType = text.man; path = Assignment_2__Photo_Tour.1; sourceTree = "<group>"; };
		7706421218B8A04400125FC0 /* main.cpp */ = {isa = PBXFileReference; fileEncoding = 4; lastKnownFileType = sourcecode.cpp.cpp; path = main.cpp; sourceTree = "<group>"; };
		7706423918B8A84F00125FC0 /* FileUtil.cpp */ = {isa = PBXFileReference; fileEncoding = 4; lastKnownFileType = sourcecode.cpp.cpp; path = FileUtil.cpp; sourceTree = "<group>"; };
		7706423A18B8A84F00125FC0 /* FileUtil.h */ = {isa = PBXFileReference; fileEncoding = 4; lastKnownFileType = sourcecode.c.h; path = FileUtil.h; sourceTree = "<group>"; };
		7706423C18B8A96F00125FC0 /* Image.cpp */ = {isa = PBXFileReference; fileEncoding = 4; lastKnownFileType = sourcecode.cpp.cpp; path = Image.cpp; sourceTree = "<group>"; };
		7706423D18B8A96F00125FC0 /* Image.h */ = {isa = PBXFileReference; fileEncoding = 4; lastKnownFileType = sourcecode.c.h; path = Image.h; sourceTree = "<group>"; };
		7706423F18B8C62D00125FC0 /* ROI.cpp */ = {isa = PBXFileReference; fileEncoding = 4; lastKnownFileType = sourcecode.cpp.cpp; path = ROI.cpp; sourceTree = "<group>"; };
		7706424018B8C62D00125FC0 /* ROI.h */ = {isa = PBXFileReference; fileEncoding = 4; lastKnownFileType = sourcecode.c.h; path = ROI.h; sourceTree = "<group>"; };
		7706424318B8D8CF00125FC0 /* ThumbPreview.cpp */ = {isa = PBXFileReference; fileEncoding = 4; lastKnownFileType = sourcecode.cpp.cpp; path = ThumbPreview.cpp; sourceTree = "<group>"; };
		7706424418B8D8CF00125FC0 /* ThumbPreview.h */ = {isa = PBXFileReference; fileEncoding = 4; lastKnownFileType = sourcecode.c.h; path = ThumbPreview.h; sourceTree = "<group>"; };
		7706424618B90BC500125FC0 /* ImageAllignment.cpp */ = {isa = PBXFileReference; fileEncoding = 4; lastKnownFileType = sourcecode.cpp.cpp; path = ImageAllignment.cpp; sourceTree = "<group>"; };
		7706424718B90BC600125FC0 /* ImageAllignment.h */ = {isa = PBXFileReference; fileEncoding = 4; lastKnownFileType = sourcecode.c.h; path = ImageAllignment.h; sourceTree = "<group>"; };
		77979D1619095FB50043C70D /* App.cpp */ = {isa = PBXFileReference; fileEncoding = 4; lastKnownFileType = sourcecode.cpp.cpp; path = App.cpp; sourceTree = "<group>"; };
		77979D1719095FB50043C70D /* App.h */ = {isa = PBXFileReference; fileEncoding = 4; lastKnownFileType = sourcecode.c.h; path = App.h; sourceTree = "<group>"; };
		779C468418CC7D0600BCCB88 /* libopencv_calib3d.2.4.8.dylib */ = {isa = PBXFileReference; lastKnownFileType = "compiled.mach-o.dylib"; name = libopencv_calib3d.2.4.8.dylib; path = /usr/local/Cellar/opencv/2.4.8.2/lib/libopencv_calib3d.2.4.8.dylib; sourceTree = "<absolute>"; };
		779C468518CC7D0600BCCB88 /* libopencv_calib3d.2.4.8.dylib */ = {isa = PBXFileReference; lastKnownFileType = "compiled.mach-o.dylib"; name = libopencv_calib3d.2.4.8.dylib; path = /usr/local/Cellar/opencv/2.4.8.2/lib/libopencv_calib3d.2.4.8.dylib; sourceTree = "<absolute>"; };
		779C468618CC7D0600BCCB88 /* libopencv_calib3d.2.4.8.dylib */ = {isa = PBXFileReference; lastKnownFileType = "compiled.mach-o.dylib"; name = libopencv_calib3d.2.4.8.dylib; path = /usr/local/Cellar/opencv/2.4.8.2/lib/libopencv_calib3d.2.4.8.dylib; sourceTree = "<absolute>"; };
		779C468718CC7D0600BCCB88 /* libopencv_contrib.2.4.8.dylib */ = {isa = PBXFileReference; lastKnownFileType = "compiled.mach-o.dylib"; name = libopencv_contrib.2.4.8.dylib; path = /usr/local/Cellar/opencv/2.4.8.2/lib/libopencv_contrib.2.4.8.dylib; sourceTree = "<absolute>"; };
		779C468818CC7D0600BCCB88 /* libopencv_contrib.2.4.8.dylib */ = {isa = PBXFileReference; lastKnownFileType = "compiled.mach-o.dylib"; name = libopencv_contrib.2.4.8.dylib; path = /usr/local/Cellar/opencv/2.4.8.2/lib/libopencv_contrib.2.4.8.dylib; sourceTree = "<absolute>"; };
		779C468918CC7D0600BCCB88 /* libopencv_contrib.2.4.8.dylib */ = {isa = PBXFileReference; lastKnownFileType = "compiled.mach-o.dylib"; name = libopencv_contrib.2.4.8.dylib; path = /usr/local/Cellar/opencv/2.4.8.2/lib/libopencv_contrib.2.4.8.dylib; sourceTree = "<absolute>"; };
		779C468A18CC7D0600BCCB88 /* libopencv_core.2.4.8.dylib */ = {isa = PBXFileReference; lastKnownFileType = "compiled.mach-o.dylib"; name = libopencv_core.2.4.8.dylib; path = /usr/local/Cellar/opencv/2.4.8.2/lib/libopencv_core.2.4.8.dylib; sourceTree = "<absolute>"; };
		779C468B18CC7D0600BCCB88 /* libopencv_core.2.4.8.dylib */ = {isa = PBXFileReference; lastKnownFileType = "compiled.mach-o.dylib"; name = libopencv_core.2.4.8.dylib; path = /usr/local/Cellar/opencv/2.4.8.2/lib/libopencv_core.2.4.8.dylib; sourceTree = "<absolute>"; };
		779C468C18CC7D0600BCCB88 /* libopencv_core.2.4.8.dylib */ = {isa = PBXFileReference; lastKnownFileType = "compiled.mach-o.dylib"; name = libopencv_core.2.4.8.dylib; path = /usr/local/Cellar/opencv/2.4.8.2/lib/libopencv_core.2.4.8.dylib; sourceTree = "<absolute>"; };
		779C468D18CC7D0600BCCB88 /* libopencv_features2d.2.4.8.dylib */ = {isa = PBXFileReference; lastKnownFileType = "compiled.mach-o.dylib"; name = libopencv_features2d.2.4.8.dylib; path = /usr/local/Cellar/opencv/2.4.8.2/lib/libopencv_features2d.2.4.8.dylib; sourceTree = "<absolute>"; };
		779C468E18CC7D0600BCCB88 /* libopencv_features2d.2.4.8.dylib */ = {isa = PBXFileReference; lastKnownFileType = "compiled.mach-o.dylib"; name = libopencv_features2d.2.4.8.dylib; path = /usr/local/Cellar/opencv/2.4.8.2/lib/libopencv_features2d.2.4.8.dylib; sourceTree = "<absolute>"; };
		779C468F18CC7D0600BCCB88 /* libopencv_features2d.2.4.8.dylib */ = {isa = PBXFileReference; lastKnownFileType = "compiled.mach-o.dylib"; name = libopencv_features2d.2.4.8.dylib; path = /usr/local/Cellar/opencv/2.4.8.2/lib/libopencv_features2d.2.4.8.dylib; sourceTree = "<absolute>"; };
		779C469018CC7D0600BCCB88 /* libopencv_flann.2.4.8.dylib */ = {isa = PBXFileReference; lastKnownFileType = "compiled.mach-o.dylib"; name = libopencv_flann.2.4.8.dylib; path = /usr/local/Cellar/opencv/2.4.8.2/lib/libopencv_flann.2.4.8.dylib; sourceTree = "<absolute>"; };
		779C469118CC7D0600BCCB88 /* libopencv_flann.2.4.8.dylib */ = {isa = PBXFileReference; lastKnownFileType = "compiled.mach-o.dylib"; name = libopencv_flann.2.4.8.dylib; path = /usr/local/Cellar/opencv/2.4.8.2/lib/libopencv_flann.2.4.8.dylib; sourceTree = "<absolute>"; };
		779C469218CC7D0600BCCB88 /* libopencv_flann.2.4.8.dylib */ = {isa = PBXFileReference; lastKnownFileType = "compiled.mach-o.dylib"; name = libopencv_flann.2.4.8.dylib; path = /usr/local/Cellar/opencv/2.4.8.2/lib/libopencv_flann.2.4.8.dylib; sourceTree = "<absolute>"; };
		779C469318CC7D0600BCCB88 /* libopencv_gpu.2.4.8.dylib */ = {isa = PBXFileReference; lastKnownFileType = "compiled.mach-o.dylib"; name = libopencv_gpu.2.4.8.dylib; path = /usr/local/Cellar/opencv/2.4.8.2/lib/libopencv_gpu.2.4.8.dylib; sourceTree = "<absolute>"; };
		779C469418CC7D0600BCCB88 /* libopencv_gpu.2.4.8.dylib */ = {isa = PBXFileReference; lastKnownFileType = "compiled.mach-o.dylib"; name = libopencv_gpu.2.4.8.dylib; path = /usr/local/Cellar/opencv/2.4.8.2/lib/libopencv_gpu.2.4.8.dylib; sourceTree = "<absolute>"; };
		779C469518CC7D0600BCCB88 /* libopencv_gpu.2.4.8.dylib */ = {isa = PBXFileReference; lastKnownFileType = "compiled.mach-o.dylib"; name = libopencv_gpu.2.4.8.dylib; path = /usr/local/Cellar/opencv/2.4.8.2/lib/libopencv_gpu.2.4.8.dylib; sourceTree = "<absolute>"; };
		779C469618CC7D0600BCCB88 /* libopencv_highgui.2.4.8.dylib */ = {isa = PBXFileReference; lastKnownFileType = "compiled.mach-o.dylib"; name = libopencv_highgui.2.4.8.dylib; path = /usr/local/Cellar/opencv/2.4.8.2/lib/libopencv_highgui.2.4.8.dylib; sourceTree = "<absolute>"; };
		779C469718CC7D0600BCCB88 /* libopencv_highgui.2.4.8.dylib */ = {isa = PBXFileReference; lastKnownFileType = "compiled.mach-o.dylib"; name = libopencv_highgui.2.4.8.dylib; path = /usr/local/Cellar/opencv/2.4.8.2/lib/libopencv_highgui.2.4.8.dylib; sourceTree = "<absolute>"; };
		779C469818CC7D0600BCCB88 /* libopencv_highgui.2.4.8.dylib */ = {isa = PBXFileReference; lastKnownFileType = "compiled.mach-o.dylib"; name = libopencv_highgui.2.4.8.dylib; path = /usr/local/Cellar/opencv/2.4.8.2/lib/libopencv_highgui.2.4.8.dylib; sourceTree = "<absolute>"; };
		779C469918CC7D0600BCCB88 /* libopencv_imgproc.2.4.8.dylib */ = {isa = PBXFileReference; lastKnownFileType = "compiled.mach-o.dylib"; name = libopencv_imgproc.2.4.8.dylib; path = /usr/local/Cellar/opencv/2.4.8.2/lib/libopencv_imgproc.2.4.8.dylib; sourceTree = "<absolute>"; };
		779C469A18CC7D0600BCCB88 /* libopencv_imgproc.2.4.8.dylib */ = {isa = PBXFileReference; lastKnownFileType = "compiled.mach-o.dylib"; name = libopencv_imgproc.2.4.8.dylib; path = /usr/local/Cellar/opencv/2.4.8.2/lib/libopencv_imgproc.2.4.8.dylib; sourceTree = "<absolute>"; };
		779C469B18CC7D0600BCCB88 /* libopencv_imgproc.2.4.8.dylib */ = {isa = PBXFileReference; lastKnownFileType = "compiled.mach-o.dylib"; name = libopencv_imgproc.2.4.8.dylib; path = /usr/local/Cellar/opencv/2.4.8.2/lib/libopencv_imgproc.2.4.8.dylib; sourceTree = "<absolute>"; };
		779C469C18CC7D0600BCCB88 /* libopencv_legacy.2.4.8.dylib */ = {isa = PBXFileReference; lastKnownFileType = "compiled.mach-o.dylib"; name = libopencv_legacy.2.4.8.dylib; path = /usr/local/Cellar/opencv/2.4.8.2/lib/libopencv_legacy.2.4.8.dylib; sourceTree = "<absolute>"; };
		779C469D18CC7D0600BCCB88 /* libopencv_legacy.2.4.8.dylib */ = {isa = PBXFileReference; lastKnownFileType = "compiled.mach-o.dylib"; name = libopencv_legacy.2.4.8.dylib; path = /usr/local/Cellar/opencv/2.4.8.2/lib/libopencv_legacy.2.4.8.dylib; sourceTree = "<absolute>"; };
		779C469E18CC7D0600BCCB88 /* libopencv_legacy.2.4.8.dylib */ = {isa = PBXFileReference; lastKnownFileType = "compiled.mach-o.dylib"; name = libopencv_legacy.2.4.8.dylib; path = /usr/local/Cellar/opencv/2.4.8.2/lib/libopencv_legacy.2.4.8.dylib; sourceTree = "<absolute>"; };
		779C469F18CC7D0600BCCB88 /* libopencv_ml.2.4.8.dylib */ = {isa = PBXFileReference; lastKnownFileType = "compiled.mach-o.dylib"; name = libopencv_ml.2.4.8.dylib; path = /usr/local/Cellar/opencv/2.4.8.2/lib/libopencv_ml.2.4.8.dylib; sourceTree = "<absolute>"; };
		779C46A018CC7D0600BCCB88 /* libopencv_ml.2.4.8.dylib */ = {isa = PBXFileReference; lastKnownFileType = "compiled.mach-o.dylib"; name = libopencv_ml.2.4.8.dylib; path = /usr/local/Cellar/opencv/2.4.8.2/lib/libopencv_ml.2.4.8.dylib; sourceTree = "<absolute>"; };
		779C46A118CC7D0600BCCB88 /* libopencv_ml.2.4.8.dylib */ = {isa = PBXFileReference; lastKnownFileType = "compiled.mach-o.dylib"; name = libopencv_ml.2.4.8.dylib; path = /usr/local/Cellar/opencv/2.4.8.2/lib/libopencv_ml.2.4.8.dylib; sourceTree = "<absolute>"; };
		779C46A218CC7D0600BCCB88 /* libopencv_nonfree.2.4.8.dylib */ = {isa = PBXFileReference; lastKnownFileType = "compiled.mach-o.dylib"; name = libopencv_nonfree.2.4.8.dylib; path = /usr/local/Cellar/opencv/2.4.8.2/lib/libopencv_nonfree.2.4.8.dylib; sourceTree = "<absolute>"; };
		779C46A318CC7D0600BCCB88 /* libopencv_nonfree.2.4.8.dylib */ = {isa = PBXFileReference; lastKnownFileType = "compiled.mach-o.dylib"; name = libopencv_nonfree.2.4.8.dylib; path = /usr/local/Cellar/opencv/2.4.8.2/lib/libopencv_nonfree.2.4.8.dylib; sourceTree = "<absolute>"; };
		779C46A418CC7D0600BCCB88 /* libopencv_nonfree.2.4.8.dylib */ = {isa = PBXFileReference; lastKnownFileType = "compiled.mach-o.dylib"; name = libopencv_nonfree.2.4.8.dylib; path = /usr/local/Cellar/opencv/2.4.8.2/lib/libopencv_nonfree.2.4.8.dylib; sourceTree = "<absolute>"; };
		779C46A518CC7D0600BCCB88 /* libopencv_objdetect.2.4.8.dylib */ = {isa = PBXFileReference; lastKnownFileType = "compiled.mach-o.dylib"; name = libopencv_objdetect.2.4.8.dylib; path = /usr/local/Cellar/opencv/2.4.8.2/lib/libopencv_objdetect.2.4.8.dylib; sourceTree = "<absolute>"; };
		779C46A618CC7D0600BCCB88 /* libopencv_objdetect.2.4.8.dylib */ = {isa = PBXFileReference; lastKnownFileType = "compiled.mach-o.dylib"; name = libopencv_objdetect.2.4.8.dylib; path = /usr/local/Cellar/opencv/2.4.8.2/lib/libopencv_objdetect.2.4.8.dylib; sourceTree = "<absolute>"; };
		779C46A718CC7D0600BCCB88 /* libopencv_objdetect.2.4.8.dylib */ = {isa = PBXFileReference; lastKnownFileType = "compiled.mach-o.dylib"; name = libopencv_objdetect.2.4.8.dylib; path = /usr/local/Cellar/opencv/2.4.8.2/lib/libopencv_objdetect.2.4.8.dylib; sourceTree = "<absolute>"; };
		779C46A818CC7D0600BCCB88 /* libopencv_ocl.2.4.8.dylib */ = {isa = PBXFileReference; lastKnownFileType = "compiled.mach-o.dylib"; name = libopencv_ocl.2.4.8.dylib; path = /usr/local/Cellar/opencv/2.4.8.2/lib/libopencv_ocl.2.4.8.dylib; sourceTree = "<absolute>"; };
		779C46A918CC7D0600BCCB88 /* libopencv_ocl.2.4.8.dylib */ = {isa = PBXFileReference; lastKnownFileType = "compiled.mach-o.dylib"; name = libopencv_ocl.2.4.8.dylib; path = /usr/local/Cellar/opencv/2.4.8.2/lib/libopencv_ocl.2.4.8.dylib; sourceTree = "<absolute>"; };
		779C46AA18CC7D0600BCCB88 /* libopencv_ocl.2.4.8.dylib */ = {isa = PBXFileReference; lastKnownFileType = "compiled.mach-o.dylib"; name = libopencv_ocl.2.4.8.dylib; path = /usr/local/Cellar/opencv/2.4.8.2/lib/libopencv_ocl.2.4.8.dylib; sourceTree = "<absolute>"; };
		779C46AB18CC7D0600BCCB88 /* libopencv_photo.2.4.8.dylib */ = {isa = PBXFileReference; lastKnownFileType = "compiled.mach-o.dylib"; name = libopencv_photo.2.4.8.dylib; path = /usr/local/Cellar/opencv/2.4.8.2/lib/libopencv_photo.2.4.8.dylib; sourceTree = "<absolute>"; };
		779C46AC18CC7D0600BCCB88 /* libopencv_photo.2.4.8.dylib */ = {isa = PBXFileReference; lastKnownFileType = "compiled.mach-o.dylib"; name = libopencv_photo.2.4.8.dylib; path = /usr/local/Cellar/opencv/2.4.8.2/lib/libopencv_photo.2.4.8.dylib; sourceTree = "<absolute>"; };
		779C46AD18CC7D0600BCCB88 /* libopencv_photo.2.4.8.dylib */ = {isa = PBXFileReference; lastKnownFileType = "compiled.mach-o.dylib"; name = libopencv_photo.2.4.8.dylib; path = /usr/local/Cellar/opencv/2.4.8.2/lib/libopencv_photo.2.4.8.dylib; sourceTree = "<absolute>"; };
		779C46AE18CC7D0600BCCB88 /* libopencv_stitching.2.4.8.dylib */ = {isa = PBXFileReference; lastKnownFileType = "compiled.mach-o.dylib"; name = libopencv_stitching.2.4.8.dylib; path = /usr/local/Cellar/opencv/2.4.8.2/lib/libopencv_stitching.2.4.8.dylib; sourceTree = "<absolute>"; };
		779C46AF18CC7D0600BCCB88 /* libopencv_stitching.2.4.8.dylib */ = {isa = PBXFileReference; lastKnownFileType = "compiled.mach-o.dylib"; name = libopencv_stitching.2.4.8.dylib; path = /usr/local/Cellar/opencv/2.4.8.2/lib/libopencv_stitching.2.4.8.dylib; sourceTree = "<absolute>"; };
		779C46B018CC7D0600BCCB88 /* libopencv_stitching.2.4.8.dylib */ = {isa = PBXFileReference; lastKnownFileType = "compiled.mach-o.dylib"; name = libopencv_stitching.2.4.8.dylib; path = /usr/local/Cellar/opencv/2.4.8.2/lib/libopencv_stitching.2.4.8.dylib; sourceTree = "<absolute>"; };
		779C46B118CC7D0600BCCB88 /* libopencv_superres.2.4.8.dylib */ = {isa = PBXFileReference; lastKnownFileType = "compiled.mach-o.dylib"; name = libopencv_superres.2.4.8.dylib; path = /usr/local/Cellar/opencv/2.4.8.2/lib/libopencv_superres.2.4.8.dylib; sourceTree = "<absolute>"; };
		779C46B218CC7D0600BCCB88 /* libopencv_superres.2.4.8.dylib */ = {isa = PBXFileReference; lastKnownFileType = "compiled.mach-o.dylib"; name = libopencv_superres.2.4.8.dylib; path = /usr/local/Cellar/opencv/2.4.8.2/lib/libopencv_superres.2.4.8.dylib; sourceTree = "<absolute>"; };
		779C46B318CC7D0600BCCB88 /* libopencv_superres.2.4.8.dylib */ = {isa = PBXFileReference; lastKnownFileType = "compiled.mach-o.dylib"; name = libopencv_superres.2.4.8.dylib; path = /usr/local/Cellar/opencv/2.4.8.2/lib/libopencv_superres.2.4.8.dylib; sourceTree = "<absolute>"; };
		779C46B418CC7D0600BCCB88 /* libopencv_ts.a */ = {isa = PBXFileReference; lastKnownFileType = archive.ar; name = libopencv_ts.a; path = /usr/local/Cellar/opencv/2.4.8.2/lib/libopencv_ts.a; sourceTree = "<absolute>"; };
		779C46B518CC7D0600BCCB88 /* libopencv_video.2.4.8.dylib */ = {isa = PBXFileReference; lastKnownFileType = "compiled.mach-o.dylib"; name = libopencv_video.2.4.8.dylib; path = /usr/local/Cellar/opencv/2.4.8.2/lib/libopencv_video.2.4.8.dylib; sourceTree = "<absolute>"; };
		779C46B618CC7D0600BCCB88 /* libopencv_video.2.4.8.dylib */ = {isa = PBXFileReference; lastKnownFileType = "compiled.mach-o.dylib"; name = libopencv_video.2.4.8.dylib; path = /usr/local/Cellar/opencv/2.4.8.2/lib/libopencv_video.2.4.8.dylib; sourceTree = "<absolute>"; };
		779C46B718CC7D0600BCCB88 /* libopencv_video.2.4.8.dylib */ = {isa = PBXFileReference; lastKnownFileType = "compiled.mach-o.dylib"; name = libopencv_video.2.4.8.dylib; path = /usr/local/Cellar/opencv/2.4.8.2/lib/libopencv_video.2.4.8.dylib; sourceTree = "<absolute>"; };
		779C46B818CC7D0600BCCB88 /* libopencv_videostab.2.4.8.dylib */ = {isa = PBXFileReference; lastKnownFileType = "compiled.mach-o.dylib"; name = libopencv_videostab.2.4.8.dylib; path = /usr/local/Cellar/opencv/2.4.8.2/lib/libopencv_videostab.2.4.8.dylib; sourceTree = "<absolute>"; };
		779C46B918CC7D0600BCCB88 /* libopencv_videostab.2.4.8.dylib */ = {isa = PBXFileReference; lastKnownFileType = "compiled.mach-o.dylib"; name = libopencv_videostab.2.4.8.dylib; path = /usr/local/Cellar/opencv/2.4.8.2/lib/libopencv_videostab.2.4.8.dylib; sourceTree = "<absolute>"; };
		779C46BA18CC7D0600BCCB88 /* libopencv_videostab.2.4.8.dylib */ = {isa = PBXFileReference; lastKnownFileType = "compiled.mach-o.dylib"; name = libopencv_videostab.2.4.8.dylib; path = /usr/local/Cellar/opencv/2.4.8.2/lib/libopencv_videostab.2.4.8.dylib; sourceTree = "<absolute>"; };
		779C46BC18CC7D0600BCCB88 /* opencv.pc */ = {isa = PBXFileReference; fileEncoding = 4; lastKnownFileType = text; path = opencv.pc; sourceTree = "<group>"; };
		779C46BF18CC7D0600BCCB88 /* cv.py */ = {isa = PBXFileReference; fileEncoding = 4; lastKnownFileType = text.script.python; path = cv.py; sourceTree = "<group>"; };
		779C46C018CC7D0600BCCB88 /* cv2.so */ = {isa = PBXFileReference; lastKnownFileType = "compiled.mach-o.dylib"; path = cv2.so; sourceTree = "<group>"; };
		77CA19DD18EEA53D00C5F560 /* VideoCopmoser.cpp */ = {isa = PBXFileReference; fileEncoding = 4; lastKnownFileType = sourcecode.cpp.cpp; path = VideoCopmoser.cpp; sourceTree = "<group>"; };
		77CA19DE18EEA53D00C5F560 /* VideoCopmoser.h */ = {isa = PBXFileReference; fileEncoding = 4; lastKnownFileType = sourcecode.c.h; path = VideoCopmoser.h; sourceTree = "<group>"; };
/* End PBXFileReference section */

/* Begin PBXFrameworksBuildPhase section */
		7706420218B89D4100125FC0 /* Frameworks */ = {
			isa = PBXFrameworksBuildPhase;
			buildActionMask = 2147483647;
			files = (
				779C46D018CC7D0600BCCB88 /* libopencv_gpu.2.4.8.dylib in Frameworks */,
				779C46E518CC7D0600BCCB88 /* libopencv_ocl.2.4.8.dylib in Frameworks */,
				779C46F018CC7D0600BCCB88 /* libopencv_superres.2.4.8.dylib in Frameworks */,
				779C46CA18CC7D0600BCCB88 /* libopencv_features2d.2.4.8.dylib in Frameworks */,
				779C46C718CC7D0600BCCB88 /* libopencv_core.2.4.8.dylib in Frameworks */,
				779C46C218CC7D0600BCCB88 /* libopencv_calib3d.2.4.8.dylib in Frameworks */,
				779C46E218CC7D0600BCCB88 /* libopencv_objdetect.2.4.8.dylib in Frameworks */,
				779C46C418CC7D0600BCCB88 /* libopencv_contrib.2.4.8.dylib in Frameworks */,
				779C46D318CC7D0600BCCB88 /* libopencv_highgui.2.4.8.dylib in Frameworks */,
				779C46DE18CC7D0600BCCB88 /* libopencv_ml.2.4.8.dylib in Frameworks */,
				779C46CF18CC7D0600BCCB88 /* libopencv_flann.2.4.8.dylib in Frameworks */,
				779C46EB18CC7D0600BCCB88 /* libopencv_stitching.2.4.8.dylib in Frameworks */,
				779C46F718CC7D0600BCCB88 /* libopencv_videostab.2.4.8.dylib in Frameworks */,
				779C46F418CC7D0600BCCB88 /* libopencv_video.2.4.8.dylib in Frameworks */,
				779C46D818CC7D0600BCCB88 /* libopencv_imgproc.2.4.8.dylib in Frameworks */,
				779C46E118CC7D0600BCCB88 /* libopencv_nonfree.2.4.8.dylib in Frameworks */,
				779C46F118CC7D0600BCCB88 /* libopencv_ts.a in Frameworks */,
				779C46DB18CC7D0600BCCB88 /* libopencv_legacy.2.4.8.dylib in Frameworks */,
				779C46F818CC7D0600BCCB88 /* cv2.so in Frameworks */,
				779C46E818CC7D0600BCCB88 /* libopencv_photo.2.4.8.dylib in Frameworks */,
			);
			runOnlyForDeploymentPostprocessing = 0;
		};
/* End PBXFrameworksBuildPhase section */

/* Begin PBXGroup section */
		770641FC18B89D4100125FC0 = {
			isa = PBXGroup;
			children = (
				779C46F918CC7D1700BCCB88 /* OpenCV */,
				779C46BB18CC7D0600BCCB88 /* pkgconfig */,
				779C46BD18CC7D0600BCCB88 /* python2.7 */,
				7706420718B89D4100125FC0 /* Assignment 2: Photo Tour */,
				7706420618B89D4100125FC0 /* Products */,
			);
			sourceTree = "<group>";
		};
		7706420618B89D4100125FC0 /* Products */ = {
			isa = PBXGroup;
			children = (
				7706420518B89D4100125FC0 /* Assignment 2: Photo Tour */,
			);
			name = Products;
			sourceTree = "<group>";
		};
		7706420718B89D4100125FC0 /* Assignment 2: Photo Tour */ = {
			isa = PBXGroup;
			children = (
				7706421118B8A04400125FC0 /* Assignment_2__Photo_Tour.1 */,
				77979D1619095FB50043C70D /* App.cpp */,
				77979D1719095FB50043C70D /* App.h */,
				7706423918B8A84F00125FC0 /* FileUtil.cpp */,
				7706423A18B8A84F00125FC0 /* FileUtil.h */,
				7706423C18B8A96F00125FC0 /* Image.cpp */,
				7706423D18B8A96F00125FC0 /* Image.h */,
				7706424618B90BC500125FC0 /* ImageAllignment.cpp */,
				7706424718B90BC600125FC0 /* ImageAllignment.h */,
				7706421218B8A04400125FC0 /* main.cpp */,
				7706423F18B8C62D00125FC0 /* ROI.cpp */,
				7706424018B8C62D00125FC0 /* ROI.h */,
				7706424318B8D8CF00125FC0 /* ThumbPreview.cpp */,
				7706424418B8D8CF00125FC0 /* ThumbPreview.h */,
				77CA19DD18EEA53D00C5F560 /* VideoCopmoser.cpp */,
				77CA19DE18EEA53D00C5F560 /* VideoCopmoser.h */,
			);
			path = "Assignment 2: Photo Tour";
			sourceTree = "<group>";
		};
		779C46BB18CC7D0600BCCB88 /* pkgconfig */ = {
			isa = PBXGroup;
			children = (
				779C46BC18CC7D0600BCCB88 /* opencv.pc */,
			);
			name = pkgconfig;
			path = ../../../../usr/local/Cellar/opencv/2.4.8.2/lib/pkgconfig;
			sourceTree = "<group>";
		};
		779C46BD18CC7D0600BCCB88 /* python2.7 */ = {
			isa = PBXGroup;
			children = (
				779C46BE18CC7D0600BCCB88 /* site-packages */,
			);
			name = python2.7;
			path = ../../../../usr/local/Cellar/opencv/2.4.8.2/lib/python2.7;
			sourceTree = "<group>";
		};
		779C46BE18CC7D0600BCCB88 /* site-packages */ = {
			isa = PBXGroup;
			children = (
				779C46BF18CC7D0600BCCB88 /* cv.py */,
				779C46C018CC7D0600BCCB88 /* cv2.so */,
			);
			path = "site-packages";
			sourceTree = "<group>";
		};
		779C46F918CC7D1700BCCB88 /* OpenCV */ = {
			isa = PBXGroup;
			children = (
				779C468418CC7D0600BCCB88 /* libopencv_calib3d.2.4.8.dylib */,
				779C468518CC7D0600BCCB88 /* libopencv_calib3d.2.4.8.dylib */,
				779C468618CC7D0600BCCB88 /* libopencv_calib3d.2.4.8.dylib */,
				779C468718CC7D0600BCCB88 /* libopencv_contrib.2.4.8.dylib */,
				779C468818CC7D0600BCCB88 /* libopencv_contrib.2.4.8.dylib */,
				779C468918CC7D0600BCCB88 /* libopencv_contrib.2.4.8.dylib */,
				779C468A18CC7D0600BCCB88 /* libopencv_core.2.4.8.dylib */,
				779C468B18CC7D0600BCCB88 /* libopencv_core.2.4.8.dylib */,
				779C468C18CC7D0600BCCB88 /* libopencv_core.2.4.8.dylib */,
				779C468D18CC7D0600BCCB88 /* libopencv_features2d.2.4.8.dylib */,
				779C468E18CC7D0600BCCB88 /* libopencv_features2d.2.4.8.dylib */,
				779C468F18CC7D0600BCCB88 /* libopencv_features2d.2.4.8.dylib */,
				779C469018CC7D0600BCCB88 /* libopencv_flann.2.4.8.dylib */,
				779C469118CC7D0600BCCB88 /* libopencv_flann.2.4.8.dylib */,
				779C469218CC7D0600BCCB88 /* libopencv_flann.2.4.8.dylib */,
				779C469318CC7D0600BCCB88 /* libopencv_gpu.2.4.8.dylib */,
				779C469418CC7D0600BCCB88 /* libopencv_gpu.2.4.8.dylib */,
				779C469518CC7D0600BCCB88 /* libopencv_gpu.2.4.8.dylib */,
				779C469618CC7D0600BCCB88 /* libopencv_highgui.2.4.8.dylib */,
				779C469718CC7D0600BCCB88 /* libopencv_highgui.2.4.8.dylib */,
				779C469818CC7D0600BCCB88 /* libopencv_highgui.2.4.8.dylib */,
				779C469918CC7D0600BCCB88 /* libopencv_imgproc.2.4.8.dylib */,
				779C469A18CC7D0600BCCB88 /* libopencv_imgproc.2.4.8.dylib */,
				779C469B18CC7D0600BCCB88 /* libopencv_imgproc.2.4.8.dylib */,
				779C469C18CC7D0600BCCB88 /* libopencv_legacy.2.4.8.dylib */,
				779C469D18CC7D0600BCCB88 /* libopencv_legacy.2.4.8.dylib */,
				779C469E18CC7D0600BCCB88 /* libopencv_legacy.2.4.8.dylib */,
				779C469F18CC7D0600BCCB88 /* libopencv_ml.2.4.8.dylib */,
				779C46A018CC7D0600BCCB88 /* libopencv_ml.2.4.8.dylib */,
				779C46A118CC7D0600BCCB88 /* libopencv_ml.2.4.8.dylib */,
				779C46A218CC7D0600BCCB88 /* libopencv_nonfree.2.4.8.dylib */,
				779C46A318CC7D0600BCCB88 /* libopencv_nonfree.2.4.8.dylib */,
				779C46A418CC7D0600BCCB88 /* libopencv_nonfree.2.4.8.dylib */,
				779C46A518CC7D0600BCCB88 /* libopencv_objdetect.2.4.8.dylib */,
				779C46A618CC7D0600BCCB88 /* libopencv_objdetect.2.4.8.dylib */,
				779C46A718CC7D0600BCCB88 /* libopencv_objdetect.2.4.8.dylib */,
				779C46A818CC7D0600BCCB88 /* libopencv_ocl.2.4.8.dylib */,
				779C46A918CC7D0600BCCB88 /* libopencv_ocl.2.4.8.dylib */,
				779C46AA18CC7D0600BCCB88 /* libopencv_ocl.2.4.8.dylib */,
				779C46AB18CC7D0600BCCB88 /* libopencv_photo.2.4.8.dylib */,
				779C46AC18CC7D0600BCCB88 /* libopencv_photo.2.4.8.dylib */,
				779C46AD18CC7D0600BCCB88 /* libopencv_photo.2.4.8.dylib */,
				779C46AE18CC7D0600BCCB88 /* libopencv_stitching.2.4.8.dylib */,
				779C46AF18CC7D0600BCCB88 /* libopencv_stitching.2.4.8.dylib */,
				779C46B018CC7D0600BCCB88 /* libopencv_stitching.2.4.8.dylib */,
				779C46B118CC7D0600BCCB88 /* libopencv_superres.2.4.8.dylib */,
				779C46B218CC7D0600BCCB88 /* libopencv_superres.2.4.8.dylib */,
				779C46B318CC7D0600BCCB88 /* libopencv_superres.2.4.8.dylib */,
				779C46B418CC7D0600BCCB88 /* libopencv_ts.a */,
				779C46B518CC7D0600BCCB88 /* libopencv_video.2.4.8.dylib */,
				779C46B618CC7D0600BCCB88 /* libopencv_video.2.4.8.dylib */,
				779C46B718CC7D0600BCCB88 /* libopencv_video.2.4.8.dylib */,
				779C46B818CC7D0600BCCB88 /* libopencv_videostab.2.4.8.dylib */,
				779C46B918CC7D0600BCCB88 /* libopencv_videostab.2.4.8.dylib */,
				779C46BA18CC7D0600BCCB88 /* libopencv_videostab.2.4.8.dylib */,
			);
			name = OpenCV;
			sourceTree = "<group>";
		};
/* End PBXGroup section */

/* Begin PBXNativeTarget section */
		7706420418B89D4100125FC0 /* Assignment 2: Photo Tour */ = {
			isa = PBXNativeTarget;
			buildConfigurationList = 7706420E18B89D4100125FC0 /* Build configuration list for PBXNativeTarget "Assignment 2: Photo Tour" */;
			buildPhases = (
				7706420118B89D4100125FC0 /* Sources */,
				7706420218B89D4100125FC0 /* Frameworks */,
				7706420318B89D4100125FC0 /* CopyFiles */,
			);
			buildRules = (
			);
			dependencies = (
			);
			name = "Assignment 2: Photo Tour";
			productName = "Assignment 2: Photo Tour";
			productReference = 7706420518B89D4100125FC0 /* Assignment 2: Photo Tour */;
			productType = "com.apple.product-type.tool";
		};
/* End PBXNativeTarget section */

/* Begin PBXProject section */
		770641FD18B89D4100125FC0 /* Project object */ = {
			isa = PBXProject;
			attributes = {
				LastUpgradeCheck = 0510;
				ORGANIZATIONNAME = "Stephen John Russell";
			};
			buildConfigurationList = 7706420018B89D4100125FC0 /* Build configuration list for PBXProject "Assignment 2: Photo Tour" */;
			compatibilityVersion = "Xcode 3.2";
			developmentRegion = English;
			hasScannedForEncodings = 0;
			knownRegions = (
				en,
			);
			mainGroup = 770641FC18B89D4100125FC0;
			productRefGroup = 7706420618B89D4100125FC0 /* Products */;
			projectDirPath = "";
			projectRoot = "";
			targets = (
				7706420418B89D4100125FC0 /* Assignment 2: Photo Tour */,
			);
		};
/* End PBXProject section */

/* Begin PBXSourcesBuildPhase section */
		7706420118B89D4100125FC0 /* Sources */ = {
			isa = PBXSourcesBuildPhase;
			buildActionMask = 2147483647;
			files = (
				7706423E18B8A96F00125FC0 /* Image.cpp in Sources */,
				77979D1819095FB50043C70D /* App.cpp in Sources */,
				7706421318B8A04400125FC0 /* main.cpp in Sources */,
				7706424818B90BC600125FC0 /* ImageAllignment.cpp in Sources */,
				7706424518B8D8CF00125FC0 /* ThumbPreview.cpp in Sources */,
				7706424118B8C62D00125FC0 /* ROI.cpp in Sources */,
				7706423B18B8A84F00125FC0 /* FileUtil.cpp in Sources */,
				77CA19DF18EEA53D00C5F560 /* VideoCopmoser.cpp in Sources */,
			);
			runOnlyForDeploymentPostprocessing = 0;
		};
/* End PBXSourcesBuildPhase section */

/* Begin XCBuildConfiguration section */
		7706420C18B89D4100125FC0 /* Debug */ = {
			isa = XCBuildConfiguration;
			buildSettings = {
				ALWAYS_SEARCH_USER_PATHS = NO;
				CLANG_CXX_LANGUAGE_STANDARD = "gnu++0x";
				CLANG_CXX_LIBRARY = "libc++";
				CLANG_ENABLE_OBJC_ARC = YES;
				CLANG_WARN_BOOL_CONVERSION = YES;
				CLANG_WARN_CONSTANT_CONVERSION = YES;
				CLANG_WARN_DIRECT_OBJC_ISA_USAGE = YES_ERROR;
				CLANG_WARN_EMPTY_BODY = YES;
				CLANG_WARN_ENUM_CONVERSION = YES;
				CLANG_WARN_INT_CONVERSION = YES;
				CLANG_WARN_OBJC_ROOT_CLASS = YES_ERROR;
				CLANG_WARN__DUPLICATE_METHOD_MATCH = YES;
				COPY_PHASE_STRIP = NO;
				GCC_C_LANGUAGE_STANDARD = gnu99;
				GCC_DYNAMIC_NO_PIC = NO;
				GCC_ENABLE_OBJC_EXCEPTIONS = YES;
				GCC_OPTIMIZATION_LEVEL = 0;
				GCC_PREPROCESSOR_DEFINITIONS = (
					"DEBUG=1",
					"$(inherited)",
				);
				GCC_SYMBOLS_PRIVATE_EXTERN = NO;
				GCC_WARN_64_TO_32_BIT_CONVERSION = YES;
				GCC_WARN_ABOUT_RETURN_TYPE = YES_ERROR;
				GCC_WARN_UNDECLARED_SELECTOR = YES;
				GCC_WARN_UNINITIALIZED_AUTOS = YES;
				GCC_WARN_UNUSED_FUNCTION = YES;
				GCC_WARN_UNUSED_VARIABLE = YES;
				MACOSX_DEPLOYMENT_TARGET = 10.9;
				ONLY_ACTIVE_ARCH = YES;
				SDKROOT = macosx;
			};
			name = Debug;
		};
		7706420D18B89D4100125FC0 /* Release */ = {
			isa = XCBuildConfiguration;
			buildSettings = {
				ALWAYS_SEARCH_USER_PATHS = NO;
				CLANG_CXX_LANGUAGE_STANDARD = "gnu++0x";
				CLANG_CXX_LIBRARY = "libc++";
				CLANG_ENABLE_OBJC_ARC = YES;
				CLANG_WARN_BOOL_CONVERSION = YES;
				CLANG_WARN_CONSTANT_CONVERSION = YES;
				CLANG_WARN_DIRECT_OBJC_ISA_USAGE = YES_ERROR;
				CLANG_WARN_EMPTY_BODY = YES;
				CLANG_WARN_ENUM_CONVERSION = YES;
				CLANG_WARN_INT_CONVERSION = YES;
				CLANG_WARN_OBJC_ROOT_CLASS = YES_ERROR;
				CLANG_WARN__DUPLICATE_METHOD_MATCH = YES;
				COPY_PHASE_STRIP = YES;
				DEBUG_INFORMATION_FORMAT = "dwarf-with-dsym";
				ENABLE_NS_ASSERTIONS = NO;
				GCC_C_LANGUAGE_STANDARD = gnu99;
				GCC_ENABLE_OBJC_EXCEPTIONS = YES;
				GCC_WARN_64_TO_32_BIT_CONVERSION = YES;
				GCC_WARN_ABOUT_RETURN_TYPE = YES_ERROR;
				GCC_WARN_UNDECLARED_SELECTOR = YES;
				GCC_WARN_UNINITIALIZED_AUTOS = YES;
				GCC_WARN_UNUSED_FUNCTION = YES;
				GCC_WARN_UNUSED_VARIABLE = YES;
				MACOSX_DEPLOYMENT_TARGET = 10.9;
				SDKROOT = macosx;
			};
			name = Release;
		};
		7706420F18B89D4100125FC0 /* Debug */ = {
			isa = XCBuildConfiguration;
			buildSettings = {
				CLANG_CXX_LANGUAGE_STANDARD = "c++0x";
				CLANG_CXX_LIBRARY = "libc++";
				HEADER_SEARCH_PATHS = (
					"$(inherited)",
					/Applications/Xcode.app/Contents/Developer/Toolchains/XcodeDefault.xctoolchain/usr/include,
					/usr/local/Cellar/opencv/2.4.8.2/include/,
				);
				LIBRARY_SEARCH_PATHS = (
					/usr/local/Cellar/opencv/2.4.8.2/lib,
					"/usr/local/Cellar/opencv/2.4.8.2/lib/python2.7/site-packages",
				);
				PRODUCT_NAME = "$(TARGET_NAME)";
			};
			name = Debug;
		};
		7706421018B89D4100125FC0 /* Release */ = {
			isa = XCBuildConfiguration;
			buildSettings = {
				CLANG_CXX_LANGUAGE_STANDARD = "c++0x";
				CLANG_CXX_LIBRARY = "libc++";
				HEADER_SEARCH_PATHS = (
					"$(inherited)",
					/Applications/Xcode.app/Contents/Developer/Toolchains/XcodeDefault.xctoolchain/usr/include,
					/usr/local/Cellar/opencv/2.4.8.2/include/,
				);
				LIBRARY_SEARCH_PATHS = (
					/usr/local/Cellar/opencv/2.4.8.2/lib,
					"/usr/local/Cellar/opencv/2.4.8.2/lib/python2.7/site-packages",
				);
				PRODUCT_NAME = "$(TARGET_NAME)";
			};
			name = Release;
		};
/* End XCBuildConfiguration section */

/* Begin XCConfigurationList section */
		7706420018B89D4100125FC0 /* Build configuration list for PBXProject "Assignment 2: Photo Tour" */ = {
			isa = XCConfigurationList;
			buildConfigurations = (
				7706420C18B89D4100125FC0 /* Debug */,
				7706420D18B89D4100125FC0 /* Release */,
			);
			defaultConfigurationIsVisible = 0;
			defaultConfigurationName = Release;
		};
		7706420E18B89D4100125FC0 /* Build configuration list for PBXNativeTarget "Assignment 2: Photo Tour" */ = {
			isa = XCConfigurationList;
			buildConfigurations = (
				7706420F18B89D4100125FC0 /* Debug */,
				7706421018B89D4100125FC0 /* Release */,
			);
			defaultConfigurationIsVisible = 0;
			defaultConfigurationName = Release;
		};
/* End XCConfigurationList section */
	};
	rootObject = 770641FD18B89D4100125FC0 /* Project object */;
}
